// !$*UTF8*$!
{
	archiveVersion = 1;
	classes = {
	};
	objectVersion = 50;
	objects = {

/* Begin PBXBuildFile section */
		092EF3AD2292F5980091E3AB /* AppDelegate.swift in Sources */ = {isa = PBXBuildFile; fileRef = 092EF3AC2292F5980091E3AB /* AppDelegate.swift */; };
		092EF3AF2292F5980091E3AB /* ViewController.swift in Sources */ = {isa = PBXBuildFile; fileRef = 092EF3AE2292F5980091E3AB /* ViewController.swift */; };
		092EF3B22292F5980091E3AB /* Main.storyboard in Resources */ = {isa = PBXBuildFile; fileRef = 092EF3B02292F5980091E3AB /* Main.storyboard */; };
		092EF3B42292F5990091E3AB /* Assets.xcassets in Resources */ = {isa = PBXBuildFile; fileRef = 092EF3B32292F5990091E3AB /* Assets.xcassets */; };
		092EF3B72292F5990091E3AB /* LaunchScreen.storyboard in Resources */ = {isa = PBXBuildFile; fileRef = 092EF3B52292F5990091E3AB /* LaunchScreen.storyboard */; };
		092EF3C82292FD1B0091E3AB /* CollectionViewCell.swift in Sources */ = {isa = PBXBuildFile; fileRef = 092EF3C72292FD1B0091E3AB /* CollectionViewCell.swift */; };
		092EF3CA22931F1B0091E3AB /* BeerModel.swift in Sources */ = {isa = PBXBuildFile; fileRef = 092EF3C922931F1B0091E3AB /* BeerModel.swift */; };
		092EF3CC229320B60091E3AB /* BeerAPIClient.swift in Sources */ = {isa = PBXBuildFile; fileRef = 092EF3CB229320B60091E3AB /* BeerAPIClient.swift */; };
		092EF3CE229321740091E3AB /* APIKeys.swift in Sources */ = {isa = PBXBuildFile; fileRef = 092EF3CD229321740091E3AB /* APIKeys.swift */; };
		092EF3D0229330FA0091E3AB /* HeaderView.xib in Resources */ = {isa = PBXBuildFile; fileRef = 092EF3CF229330FA0091E3AB /* HeaderView.xib */; };
		092EF3D2229332160091E3AB /* HeaderView.swift in Sources */ = {isa = PBXBuildFile; fileRef = 092EF3D1229332160091E3AB /* HeaderView.swift */; };
/* End PBXBuildFile section */

/* Begin PBXFileReference section */
		092EF3A92292F5980091E3AB /* NewSideProject.app */ = {isa = PBXFileReference; explicitFileType = wrapper.application; includeInIndex = 0; path = NewSideProject.app; sourceTree = BUILT_PRODUCTS_DIR; };
		092EF3AC2292F5980091E3AB /* AppDelegate.swift */ = {isa = PBXFileReference; lastKnownFileType = sourcecode.swift; path = AppDelegate.swift; sourceTree = "<group>"; };
		092EF3AE2292F5980091E3AB /* ViewController.swift */ = {isa = PBXFileReference; lastKnownFileType = sourcecode.swift; path = ViewController.swift; sourceTree = "<group>"; };
		092EF3B12292F5980091E3AB /* Base */ = {isa = PBXFileReference; lastKnownFileType = file.storyboard; name = Base; path = Base.lproj/Main.storyboard; sourceTree = "<group>"; };
		092EF3B32292F5990091E3AB /* Assets.xcassets */ = {isa = PBXFileReference; lastKnownFileType = folder.assetcatalog; path = Assets.xcassets; sourceTree = "<group>"; };
		092EF3B62292F5990091E3AB /* Base */ = {isa = PBXFileReference; lastKnownFileType = file.storyboard; name = Base; path = Base.lproj/LaunchScreen.storyboard; sourceTree = "<group>"; };
		092EF3B82292F5990091E3AB /* Info.plist */ = {isa = PBXFileReference; lastKnownFileType = text.plist.xml; path = Info.plist; sourceTree = "<group>"; };
		092EF3C72292FD1B0091E3AB /* CollectionViewCell.swift */ = {isa = PBXFileReference; lastKnownFileType = sourcecode.swift; path = CollectionViewCell.swift; sourceTree = "<group>"; };
		092EF3C922931F1B0091E3AB /* BeerModel.swift */ = {isa = PBXFileReference; lastKnownFileType = sourcecode.swift; path = BeerModel.swift; sourceTree = "<group>"; };
		092EF3CB229320B60091E3AB /* BeerAPIClient.swift */ = {isa = PBXFileReference; lastKnownFileType = sourcecode.swift; path = BeerAPIClient.swift; sourceTree = "<group>"; };
		092EF3CD229321740091E3AB /* APIKeys.swift */ = {isa = PBXFileReference; lastKnownFileType = sourcecode.swift; path = APIKeys.swift; sourceTree = "<group>"; };
		092EF3CF229330FA0091E3AB /* HeaderView.xib */ = {isa = PBXFileReference; lastKnownFileType = file.xib; path = HeaderView.xib; sourceTree = "<group>"; };
		092EF3D1229332160091E3AB /* HeaderView.swift */ = {isa = PBXFileReference; lastKnownFileType = sourcecode.swift; path = HeaderView.swift; sourceTree = "<group>"; };
/* End PBXFileReference section */

/* Begin PBXFrameworksBuildPhase section */
		092EF3A62292F5970091E3AB /* Frameworks */ = {
			isa = PBXFrameworksBuildPhase;
			buildActionMask = 2147483647;
			files = (
			);
			runOnlyForDeploymentPostprocessing = 0;
		};
/* End PBXFrameworksBuildPhase section */

/* Begin PBXGroup section */
		092EF3A02292F5970091E3AB = {
			isa = PBXGroup;
			children = (
				092EF3C42292FBBA0091E3AB /* Cells */,
				092EF3C32292FBB10091E3AB /* Views */,
				092EF3C22292FBA70091E3AB /* Controllers */,
				092EF3C12292FB8F0091E3AB /* Storyboards */,
				092EF3C02292FB710091E3AB /* Network Helper */,
				092EF3BE2292FB5E0091E3AB /* Models */,
				092EF3AB2292F5980091E3AB /* NewSoloProject */,
				092EF3AA2292F5980091E3AB /* Products */,
			);
			sourceTree = "<group>";
		};
		092EF3AA2292F5980091E3AB /* Products */ = {
			isa = PBXGroup;
			children = (
				092EF3A92292F5980091E3AB /* NewSideProject.app */,
			);
			name = Products;
			sourceTree = "<group>";
		};
		092EF3AB2292F5980091E3AB /* NewSoloProject */ = {
			isa = PBXGroup;
			children = (
				092EF3AC2292F5980091E3AB /* AppDelegate.swift */,
				092EF3B32292F5990091E3AB /* Assets.xcassets */,
				092EF3B52292F5990091E3AB /* LaunchScreen.storyboard */,
				092EF3B82292F5990091E3AB /* Info.plist */,
			);
			path = NewSoloProject;
			sourceTree = "<group>";
		};
		092EF3BE2292FB5E0091E3AB /* Models */ = {
			isa = PBXGroup;
			children = (
				092EF3C922931F1B0091E3AB /* BeerModel.swift */,
			);
			path = Models;
			sourceTree = "<group>";
		};
		092EF3C02292FB710091E3AB /* Network Helper */ = {
			isa = PBXGroup;
			children = (
				092EF3CB229320B60091E3AB /* BeerAPIClient.swift */,
				092EF3CD229321740091E3AB /* APIKeys.swift */,
			);
			path = "Network Helper";
			sourceTree = "<group>";
		};
		092EF3C12292FB8F0091E3AB /* Storyboards */ = {
			isa = PBXGroup;
			children = (
				092EF3B02292F5980091E3AB /* Main.storyboard */,
			);
			path = Storyboards;
			sourceTree = "<group>";
		};
		092EF3C22292FBA70091E3AB /* Controllers */ = {
			isa = PBXGroup;
			children = (
				092EF3AE2292F5980091E3AB /* ViewController.swift */,
			);
			path = Controllers;
			sourceTree = "<group>";
		};
		092EF3C32292FBB10091E3AB /* Views */ = {
			isa = PBXGroup;
			children = (
				092EF3CF229330FA0091E3AB /* HeaderView.xib */,
				092EF3D1229332160091E3AB /* HeaderView.swift */,
			);
			path = Views;
			sourceTree = "<group>";
		};
		092EF3C42292FBBA0091E3AB /* Cells */ = {
			isa = PBXGroup;
			children = (
				092EF3C72292FD1B0091E3AB /* CollectionViewCell.swift */,
			);
			path = Cells;
			sourceTree = "<group>";
		};
/* End PBXGroup section */

/* Begin PBXNativeTarget section */
		092EF3A82292F5970091E3AB /* NewSideProject */ = {
			isa = PBXNativeTarget;
			buildConfigurationList = 092EF3BB2292F5990091E3AB /* Build configuration list for PBXNativeTarget "NewSideProject" */;
			buildPhases = (
				092EF3A52292F5970091E3AB /* Sources */,
				092EF3A62292F5970091E3AB /* Frameworks */,
				092EF3A72292F5970091E3AB /* Resources */,
			);
			buildRules = (
			);
			dependencies = (
			);
			name = NewSideProject;
			productName = NewSoloProject;
			productReference = 092EF3A92292F5980091E3AB /* NewSideProject.app */;
			productType = "com.apple.product-type.application";
		};
/* End PBXNativeTarget section */

/* Begin PBXProject section */
		092EF3A12292F5970091E3AB /* Project object */ = {
			isa = PBXProject;
			attributes = {
				LastSwiftUpdateCheck = 1020;
				LastUpgradeCheck = 1020;
				ORGANIZATIONNAME = "Oniel Rosario";
				TargetAttributes = {
					092EF3A82292F5970091E3AB = {
						CreatedOnToolsVersion = 10.2;
					};
				};
			};
			buildConfigurationList = 092EF3A42292F5970091E3AB /* Build configuration list for PBXProject "NewSideProject" */;
			compatibilityVersion = "Xcode 9.3";
			developmentRegion = en;
			hasScannedForEncodings = 0;
			knownRegions = (
				en,
				Base,
			);
			mainGroup = 092EF3A02292F5970091E3AB;
			productRefGroup = 092EF3AA2292F5980091E3AB /* Products */;
			projectDirPath = "";
			projectRoot = "";
			targets = (
				092EF3A82292F5970091E3AB /* NewSideProject */,
			);
		};
/* End PBXProject section */

/* Begin PBXResourcesBuildPhase section */
		092EF3A72292F5970091E3AB /* Resources */ = {
			isa = PBXResourcesBuildPhase;
			buildActionMask = 2147483647;
			files = (
				092EF3B72292F5990091E3AB /* LaunchScreen.storyboard in Resources */,
				092EF3B42292F5990091E3AB /* Assets.xcassets in Resources */,
				092EF3B22292F5980091E3AB /* Main.storyboard in Resources */,
				092EF3D0229330FA0091E3AB /* HeaderView.xib in Resources */,
			);
			runOnlyForDeploymentPostprocessing = 0;
		};
/* End PBXResourcesBuildPhase section */

/* Begin PBXSourcesBuildPhase section */
		092EF3A52292F5970091E3AB /* Sources */ = {
			isa = PBXSourcesBuildPhase;
			buildActionMask = 2147483647;
			files = (
				092EF3CE229321740091E3AB /* APIKeys.swift in Sources */,
				092EF3CC229320B60091E3AB /* BeerAPIClient.swift in Sources */,
				092EF3AF2292F5980091E3AB /* ViewController.swift in Sources */,
				092EF3CA22931F1B0091E3AB /* BeerModel.swift in Sources */,
				092EF3AD2292F5980091E3AB /* AppDelegate.swift in Sources */,
				092EF3C82292FD1B0091E3AB /* CollectionViewCell.swift in Sources */,
				092EF3D2229332160091E3AB /* HeaderView.swift in Sources */,
			);
			runOnlyForDeploymentPostprocessing = 0;
		};
/* End PBXSourcesBuildPhase section */

/* Begin PBXVariantGroup section */
		092EF3B02292F5980091E3AB /* Main.storyboard */ = {
			isa = PBXVariantGroup;
			children = (
				092EF3B12292F5980091E3AB /* Base */,
			);
			name = Main.storyboard;
			sourceTree = "<group>";
		};
		092EF3B52292F5990091E3AB /* LaunchScreen.storyboard */ = {
			isa = PBXVariantGroup;
			children = (
				092EF3B62292F5990091E3AB /* Base */,
			);
			name = LaunchScreen.storyboard;
			sourceTree = "<group>";
		};
/* End PBXVariantGroup section */

/* Begin XCBuildConfiguration section */
		092EF3B92292F5990091E3AB /* Debug */ = {
			isa = XCBuildConfiguration;
			buildSettings = {
				ALWAYS_SEARCH_USER_PATHS = NO;
				CLANG_ANALYZER_NONNULL = YES;
				CLANG_ANALYZER_NUMBER_OBJECT_CONVERSION = YES_AGGRESSIVE;
				CLANG_CXX_LANGUAGE_STANDARD = "gnu++14";
				CLANG_CXX_LIBRARY = "libc++";
				CLANG_ENABLE_MODULES = YES;
				CLANG_ENABLE_OBJC_ARC = YES;
				CLANG_ENABLE_OBJC_WEAK = YES;
				CLANG_WARN_BLOCK_CAPTURE_AUTORELEASING = YES;
				CLANG_WARN_BOOL_CONVERSION = YES;
				CLANG_WARN_COMMA = YES;
				CLANG_WARN_CONSTANT_CONVERSION = YES;
				CLANG_WARN_DEPRECATED_OBJC_IMPLEMENTATIONS = YES;
				CLANG_WARN_DIRECT_OBJC_ISA_USAGE = YES_ERROR;
				CLANG_WARN_DOCUMENTATION_COMMENTS = YES;
				CLANG_WARN_EMPTY_BODY = YES;
				CLANG_WARN_ENUM_CONVERSION = YES;
				CLANG_WARN_INFINITE_RECURSION = YES;
				CLANG_WARN_INT_CONVERSION = YES;
				CLANG_WARN_NON_LITERAL_NULL_CONVERSION = YES;
				CLANG_WARN_OBJC_IMPLICIT_RETAIN_SELF = YES;
				CLANG_WARN_OBJC_LITERAL_CONVERSION = YES;
				CLANG_WARN_OBJC_ROOT_CLASS = YES_ERROR;
				CLANG_WARN_RANGE_LOOP_ANALYSIS = YES;
				CLANG_WARN_STRICT_PROTOTYPES = YES;
				CLANG_WARN_SUSPICIOUS_MOVE = YES;
				CLANG_WARN_UNGUARDED_AVAILABILITY = YES_AGGRESSIVE;
				CLANG_WARN_UNREACHABLE_CODE = YES;
				CLANG_WARN__DUPLICATE_METHOD_MATCH = YES;
				CODE_SIGN_IDENTITY = "iPhone Developer";
				COPY_PHASE_STRIP = NO;
				DEBUG_INFORMATION_FORMAT = dwarf;
				ENABLE_STRICT_OBJC_MSGSEND = YES;
				ENABLE_TESTABILITY = YES;
				GCC_C_LANGUAGE_STANDARD = gnu11;
				GCC_DYNAMIC_NO_PIC = NO;
				GCC_NO_COMMON_BLOCKS = YES;
				GCC_OPTIMIZATION_LEVEL = 0;
				GCC_PREPROCESSOR_DEFINITIONS = (
					"DEBUG=1",
					"$(inherited)",
				);
				GCC_WARN_64_TO_32_BIT_CONVERSION = YES;
				GCC_WARN_ABOUT_RETURN_TYPE = YES_ERROR;
				GCC_WARN_UNDECLARED_SELECTOR = YES;
				GCC_WARN_UNINITIALIZED_AUTOS = YES_AGGRESSIVE;
				GCC_WARN_UNUSED_FUNCTION = YES;
				GCC_WARN_UNUSED_VARIABLE = YES;
				IPHONEOS_DEPLOYMENT_TARGET = 12.2;
				MTL_ENABLE_DEBUG_INFO = INCLUDE_SOURCE;
				MTL_FAST_MATH = YES;
				ONLY_ACTIVE_ARCH = YES;
				SDKROOT = iphoneos;
				SWIFT_ACTIVE_COMPILATION_CONDITIONS = DEBUG;
				SWIFT_OPTIMIZATION_LEVEL = "-Onone";
			};
			name = Debug;
		};
		092EF3BA2292F5990091E3AB /* Release */ = {
			isa = XCBuildConfiguration;
			buildSettings = {
				ALWAYS_SEARCH_USER_PATHS = NO;
				CLANG_ANALYZER_NONNULL = YES;
				CLANG_ANALYZER_NUMBER_OBJECT_CONVERSION = YES_AGGRESSIVE;
				CLANG_CXX_LANGUAGE_STANDARD = "gnu++14";
				CLANG_CXX_LIBRARY = "libc++";
				CLANG_ENABLE_MODULES = YES;
				CLANG_ENABLE_OBJC_ARC = YES;
				CLANG_ENABLE_OBJC_WEAK = YES;
				CLANG_WARN_BLOCK_CAPTURE_AUTORELEASING = YES;
				CLANG_WARN_BOOL_CONVERSION = YES;
				CLANG_WARN_COMMA = YES;
				CLANG_WARN_CONSTANT_CONVERSION = YES;
				CLANG_WARN_DEPRECATED_OBJC_IMPLEMENTATIONS = YES;
				CLANG_WARN_DIRECT_OBJC_ISA_USAGE = YES_ERROR;
				CLANG_WARN_DOCUMENTATION_COMMENTS = YES;
				CLANG_WARN_EMPTY_BODY = YES;
				CLANG_WARN_ENUM_CONVERSION = YES;
				CLANG_WARN_INFINITE_RECURSION = YES;
				CLANG_WARN_INT_CONVERSION = YES;
				CLANG_WARN_NON_LITERAL_NULL_CONVERSION = YES;
				CLANG_WARN_OBJC_IMPLICIT_RETAIN_SELF = YES;
				CLANG_WARN_OBJC_LITERAL_CONVERSION = YES;
				CLANG_WARN_OBJC_ROOT_CLASS = YES_ERROR;
				CLANG_WARN_RANGE_LOOP_ANALYSIS = YES;
				CLANG_WARN_STRICT_PROTOTYPES = YES;
				CLANG_WARN_SUSPICIOUS_MOVE = YES;
				CLANG_WARN_UNGUARDED_AVAILABILITY = YES_AGGRESSIVE;
				CLANG_WARN_UNREACHABLE_CODE = YES;
				CLANG_WARN__DUPLICATE_METHOD_MATCH = YES;
				CODE_SIGN_IDENTITY = "iPhone Developer";
				COPY_PHASE_STRIP = NO;
				DEBUG_INFORMATION_FORMAT = "dwarf-with-dsym";
				ENABLE_NS_ASSERTIONS = NO;
				ENABLE_STRICT_OBJC_MSGSEND = YES;
				GCC_C_LANGUAGE_STANDARD = gnu11;
				GCC_NO_COMMON_BLOCKS = YES;
				GCC_WARN_64_TO_32_BIT_CONVERSION = YES;
				GCC_WARN_ABOUT_RETURN_TYPE = YES_ERROR;
				GCC_WARN_UNDECLARED_SELECTOR = YES;
				GCC_WARN_UNINITIALIZED_AUTOS = YES_AGGRESSIVE;
				GCC_WARN_UNUSED_FUNCTION = YES;
				GCC_WARN_UNUSED_VARIABLE = YES;
				IPHONEOS_DEPLOYMENT_TARGET = 12.2;
				MTL_ENABLE_DEBUG_INFO = NO;
				MTL_FAST_MATH = YES;
				SDKROOT = iphoneos;
				SWIFT_COMPILATION_MODE = wholemodule;
				SWIFT_OPTIMIZATION_LEVEL = "-O";
				VALIDATE_PRODUCT = YES;
			};
			name = Release;
		};
		092EF3BC2292F5990091E3AB /* Debug */ = {
			isa = XCBuildConfiguration;
			buildSettings = {
				ASSETCATALOG_COMPILER_APPICON_NAME = AppIcon;
				CODE_SIGN_STYLE = Automatic;
				DEVELOPMENT_TEAM = AVC7FB3M8N;
				INFOPLIST_FILE = NewSoloProject/Info.plist;
				LD_RUNPATH_SEARCH_PATHS = (
					"$(inherited)",
					"@executable_path/Frameworks",
				);
				PRODUCT_BUNDLE_IDENTIFIER = typesAndVariables.NewSoloProject;
				PRODUCT_NAME = "$(TARGET_NAME)";
				SWIFT_VERSION = 5.0;
				TARGETED_DEVICE_FAMILY = "1,2";
			};
			name = Debug;
		};
		092EF3BD2292F5990091E3AB /* Release */ = {
			isa = XCBuildConfiguration;
			buildSettings = {
				ASSETCATALOG_COMPILER_APPICON_NAME = AppIcon;
				CODE_SIGN_STYLE = Automatic;
				DEVELOPMENT_TEAM = AVC7FB3M8N;
				INFOPLIST_FILE = NewSoloProject/Info.plist;
				LD_RUNPATH_SEARCH_PATHS = (
					"$(inherited)",
					"@executable_path/Frameworks",
				);
				PRODUCT_BUNDLE_IDENTIFIER = typesAndVariables.NewSoloProject;
				PRODUCT_NAME = "$(TARGET_NAME)";
				SWIFT_VERSION = 5.0;
				TARGETED_DEVICE_FAMILY = "1,2";
			};
			name = Release;
		};
/* End XCBuildConfiguration section */

/* Begin XCConfigurationList section */
		092EF3A42292F5970091E3AB /* Build configuration list for PBXProject "NewSideProject" */ = {
			isa = XCConfigurationList;
			buildConfigurations = (
				092EF3B92292F5990091E3AB /* Debug */,
				092EF3BA2292F5990091E3AB /* Release */,
			);
			defaultConfigurationIsVisible = 0;
			defaultConfigurationName = Release;
		};
		092EF3BB2292F5990091E3AB /* Build configuration list for PBXNativeTarget "NewSideProject" */ = {
			isa = XCConfigurationList;
			buildConfigurations = (
				092EF3BC2292F5990091E3AB /* Debug */,
				092EF3BD2292F5990091E3AB /* Release */,
			);
			defaultConfigurationIsVisible = 0;
			defaultConfigurationName = Release;
		};
/* End XCConfigurationList section */
	};
	rootObject = 092EF3A12292F5970091E3AB /* Project object */;
}
